
Microsoft Visual Studio Solution File, Format Version 12.00
# Visual Studio Version 16
VisualStudioVersion = 16.0.29728.190
MinimumVisualStudioVersion = 10.0.40219.1
Project("{9A19103F-16F7-4668-BE54-9A1E7A4F7556}") = "HumanResourcesMenager.Api", "HumanResourcesMenager\HumanResourcesMenager.Api.csproj", "{D92CC805-2255-4BBD-8DC8-204947601A9A}"
EndProject
Project("{9A19103F-16F7-4668-BE54-9A1E7A4F7556}") = "HumanResourcesMenager.Infrastructure", "HumanResourcesMenager.Infrastructure\HumanResourcesMenager.Infrastructure.csproj", "{2D293648-D212-447B-9457-6F6968043E6E}"
EndProject
Project("{FAE04EC0-301F-11D3-BF4B-00C04F79EFBC}") = "HumanResourcesMenager.Core", "HumanResourcesMenager.Core\HumanResourcesMenager.Core.csproj", "{5987E279-BB7F-43EF-B0AC-66990F0DD66C}"
EndProject
Global
	GlobalSection(SolutionConfigurationPlatforms) = preSolution
		Debug|Any CPU = Debug|Any CPU
		Release|Any CPU = Release|Any CPU
	EndGlobalSection
	GlobalSection(ProjectConfigurationPlatforms) = postSolution
		{D92CC805-2255-4BBD-8DC8-204947601A9A}.Debug|Any CPU.ActiveCfg = Debug|Any CPU
		{D92CC805-2255-4BBD-8DC8-204947601A9A}.Debug|Any CPU.Build.0 = Debug|Any CPU
		{D92CC805-2255-4BBD-8DC8-204947601A9A}.Release|Any CPU.ActiveCfg = Release|Any CPU
		{D92CC805-2255-4BBD-8DC8-204947601A9A}.Release|Any CPU.Build.0 = Release|Any CPU
		{2D293648-D212-447B-9457-6F6968043E6E}.Debug|Any CPU.ActiveCfg = Debug|Any CPU
		{2D293648-D212-447B-9457-6F6968043E6E}.Debug|Any CPU.Build.0 = Debug|Any CPU
		{2D293648-D212-447B-9457-6F6968043E6E}.Release|Any CPU.ActiveCfg = Release|Any CPU
		{2D293648-D212-447B-9457-6F6968043E6E}.Release|Any CPU.Build.0 = Release|Any CPU
		{5987E279-BB7F-43EF-B0AC-66990F0DD66C}.Debug|Any CPU.ActiveCfg = Debug|Any CPU
		{5987E279-BB7F-43EF-B0AC-66990F0DD66C}.Debug|Any CPU.Build.0 = Debug|Any CPU
		{5987E279-BB7F-43EF-B0AC-66990F0DD66C}.Release|Any CPU.ActiveCfg = Release|Any CPU
		{5987E279-BB7F-43EF-B0AC-66990F0DD66C}.Release|Any CPU.Build.0 = Release|Any CPU
	EndGlobalSection
	GlobalSection(SolutionProperties) = preSolution
		HideSolutionNode = FALSE
	EndGlobalSection
	GlobalSection(ExtensibilityGlobals) = postSolution
		SolutionGuid = {7A9C7D63-3821-41B1-A6D7-FE06C68BCA21}
	EndGlobalSection
EndGlobal
